
Microsoft Visual Studio Solution File, Format Version 12.00
Project("{FAE04EC0-301F-11D3-BF4B-00C04F79EFBC}") = "BlazorBridge", "BlazorBridge\BlazorBridge.csproj", "{A3CC88A8-379F-4CED-904A-36D5DCE631E3}"
EndProject
Project("{FAE04EC0-301F-11D3-BF4B-00C04F79EFBC}") = "BlazorBridge.SourceGenerator", "BlazorBridge.SourceGenerator\BlazorBridge.SourceGenerator.csproj", "{23A8878D-B1C9-40D1-867D-3C18C836CA0E}"
EndProject
Global
	GlobalSection(SolutionConfigurationPlatforms) = preSolution
		Debug|Any CPU = Debug|Any CPU
		Release|Any CPU = Release|Any CPU
	EndGlobalSection
	GlobalSection(ProjectConfigurationPlatforms) = postSolution
		{A3CC88A8-379F-4CED-904A-36D5DCE631E3}.Debug|Any CPU.ActiveCfg = Debug|Any CPU
		{A3CC88A8-379F-4CED-904A-36D5DCE631E3}.Debug|Any CPU.Build.0 = Debug|Any CPU
		{A3CC88A8-379F-4CED-904A-36D5DCE631E3}.Release|Any CPU.ActiveCfg = Release|Any CPU
		{A3CC88A8-379F-4CED-904A-36D5DCE631E3}.Release|Any CPU.Build.0 = Release|Any CPU
		{23A8878D-B1C9-40D1-867D-3C18C836CA0E}.Debug|Any CPU.ActiveCfg = Debug|Any CPU
		{23A8878D-B1C9-40D1-867D-3C18C836CA0E}.Debug|Any CPU.Build.0 = Debug|Any CPU
		{23A8878D-B1C9-40D1-867D-3C18C836CA0E}.Release|Any CPU.ActiveCfg = Release|Any CPU
		{23A8878D-B1C9-40D1-867D-3C18C836CA0E}.Release|Any CPU.Build.0 = Release|Any CPU
	EndGlobalSection
EndGlobal
